<Solution>
  <Folder Name="/src/">
    <Project Path="src/ShoppingCart.Api/ShoppingCart.Api.csproj" />
    <Project Path="src/ShoppingCart.Application/ShoppingCart.Application.csproj" />
    <Project Path="src/ShoppingCart.Domain/ShoppingCart.Domain.csproj" />
    <Project Path="src/ShoppingCart.Infrastructure/ShoppingCart.Infrastructure.csproj" />
    <Project Path="src/ShoppingCart.InterfaceAdapters/ShoppingCart.InterfaceAdapters.csproj" />
  </Folder>
</Solution>
